
Microsoft Visual Studio Solution File, Format Version 12.00
Project("{FAE04EC0-301F-11D3-BF4B-00C04F79EFBC}") = "APBD_CW2", "APBD_CW2.csproj", "{50C78792-D581-4CFB-B2A2-5698FA1E8203}"
EndProject
Global
	GlobalSection(SolutionConfigurationPlatforms) = preSolution
		Debug|Any CPU = Debug|Any CPU
		Release|Any CPU = Release|Any CPU
	EndGlobalSection
	GlobalSection(ProjectConfigurationPlatforms) = postSolution
		{50C78792-D581-4CFB-B2A2-5698FA1E8203}.Debug|Any CPU.ActiveCfg = Debug|Any CPU
		{50C78792-D581-4CFB-B2A2-5698FA1E8203}.Debug|Any CPU.Build.0 = Debug|Any CPU
		{50C78792-D581-4CFB-B2A2-5698FA1E8203}.Release|Any CPU.ActiveCfg = Release|Any CPU
		{50C78792-D581-4CFB-B2A2-5698FA1E8203}.Release|Any CPU.Build.0 = Release|Any CPU
	EndGlobalSection
EndGlobal
